
Microsoft Visual Studio Solution File, Format Version 12.00
# Visual Studio Version 16
VisualStudioVersion = 16.0.29411.138
MinimumVisualStudioVersion = 10.0.40219.1
Project("{9A19103F-16F7-4668-BE54-9A1E7A4F7556}") = "Tests", "Tests\Tests.csproj", "{DF425671-6BA3-4A59-802C-D89423D07A47}"
EndProject
Project("{9A19103F-16F7-4668-BE54-9A1E7A4F7556}") = "Base58Check", "Base58Check\Base58Check.csproj", "{8C5CF1A3-2F94-4805-9686-954E3B384765}"
EndProject
Global
	GlobalSection(SolutionConfigurationPlatforms) = preSolution
		Debug|Any CPU = Debug|Any CPU
		Release|Any CPU = Release|Any CPU
	EndGlobalSection
	GlobalSection(ProjectConfigurationPlatforms) = postSolution
		{DF425671-6BA3-4A59-802C-D89423D07A47}.Debug|Any CPU.ActiveCfg = Debug|Any CPU
		{DF425671-6BA3-4A59-802C-D89423D07A47}.Debug|Any CPU.Build.0 = Debug|Any CPU
		{DF425671-6BA3-4A59-802C-D89423D07A47}.Release|Any CPU.ActiveCfg = Release|Any CPU
		{DF425671-6BA3-4A59-802C-D89423D07A47}.Release|Any CPU.Build.0 = Release|Any CPU
		{8C5CF1A3-2F94-4805-9686-954E3B384765}.Debug|Any CPU.ActiveCfg = Debug|Any CPU
		{8C5CF1A3-2F94-4805-9686-954E3B384765}.Debug|Any CPU.Build.0 = Debug|Any CPU
		{8C5CF1A3-2F94-4805-9686-954E3B384765}.Release|Any CPU.ActiveCfg = Release|Any CPU
		{8C5CF1A3-2F94-4805-9686-954E3B384765}.Release|Any CPU.Build.0 = Release|Any CPU
	EndGlobalSection
	GlobalSection(SolutionProperties) = preSolution
		HideSolutionNode = FALSE
	EndGlobalSection
	GlobalSection(ExtensibilityGlobals) = postSolution
		SolutionGuid = {E3A3602E-4572-4F29-8DF3-FD500C0569F2}
	EndGlobalSection
EndGlobal
